# This file is automatically @generated by Cargo.
# It is not intended for manual editing.
version = 4

[[package]]
name = "addr"
version = "0.15.6"
source = "registry+https://github.com/rust-lang/crates.io-index"
checksum = "a93b8a41dbe230ad5087cc721f8d41611de654542180586b315d9f4cf6b72bef"
dependencies = [
 "psl",
 "psl-types",
]

[[package]]
name = "psl"
version = "2.1.147"
source = "registry+https://github.com/rust-lang/crates.io-index"
checksum = "1b0efc2f09945ea5ef176dc4f1cb703b0efa41b112d5eb27489afc880db860a7"
dependencies = [
 "psl-types",
]

[[package]]
name = "psl-types"
version = "2.0.11"
source = "registry+https://github.com/rust-lang/crates.io-index"
checksum = "33cb294fe86a74cbcf50d4445b37da762029549ebeea341421c7c70370f86cac"

[[package]]
name = "simplesmtpd"
version = "0.1.0"
dependencies = [
 "addr",
]
